
Microsoft Visual Studio Solution File, Format Version 12.00
# Visual Studio Version 16
VisualStudioVersion = 16.0.30406.217
MinimumVisualStudioVersion = 10.0.40219.1
Project("{9A19103F-16F7-4668-BE54-9A1E7A4F7556}") = "KanimExplorer", "KanimExplorer\KanimExplorer.csproj", "{0DC679A7-6D11-4B74-8D4B-01904F8F1E3D}"
EndProject
Project("{9A19103F-16F7-4668-BE54-9A1E7A4F7556}") = "KanimLib", "KanimLib\KanimLib.csproj", "{4A501C95-ACE6-49C7-9207-F0A4D0ED1559}"
EndProject
Project("{9A19103F-16F7-4668-BE54-9A1E7A4F7556}") = "SpriterDotNet", "SpriterDotNet\SpriterDotNet.csproj", "{8D4C2A18-A33B-418C-A11F-EA594DC7CD61}"
EndProject
Project("{FAE04EC0-301F-11D3-BF4B-00C04F79EFBC}") = "AssetDumpOrganizer", "AssetDumpOrganizer\AssetDumpOrganizer.csproj", "{19CBCD8B-D37E-482E-83D0-311E13395C53}"
EndProject
Global
	GlobalSection(SolutionConfigurationPlatforms) = preSolution
		Debug|Any CPU = Debug|Any CPU
		Release|Any CPU = Release|Any CPU
	EndGlobalSection
	GlobalSection(ProjectConfigurationPlatforms) = postSolution
		{0DC679A7-6D11-4B74-8D4B-01904F8F1E3D}.Debug|Any CPU.ActiveCfg = Debug|Any CPU
		{0DC679A7-6D11-4B74-8D4B-01904F8F1E3D}.Debug|Any CPU.Build.0 = Debug|Any CPU
		{0DC679A7-6D11-4B74-8D4B-01904F8F1E3D}.Release|Any CPU.ActiveCfg = Release|Any CPU
		{0DC679A7-6D11-4B74-8D4B-01904F8F1E3D}.Release|Any CPU.Build.0 = Release|Any CPU
		{4A501C95-ACE6-49C7-9207-F0A4D0ED1559}.Debug|Any CPU.ActiveCfg = Debug|Any CPU
		{4A501C95-ACE6-49C7-9207-F0A4D0ED1559}.Debug|Any CPU.Build.0 = Debug|Any CPU
		{4A501C95-ACE6-49C7-9207-F0A4D0ED1559}.Release|Any CPU.ActiveCfg = Release|Any CPU
		{4A501C95-ACE6-49C7-9207-F0A4D0ED1559}.Release|Any CPU.Build.0 = Release|Any CPU
		{8D4C2A18-A33B-418C-A11F-EA594DC7CD61}.Debug|Any CPU.ActiveCfg = Debug|Any CPU
		{8D4C2A18-A33B-418C-A11F-EA594DC7CD61}.Debug|Any CPU.Build.0 = Debug|Any CPU
		{8D4C2A18-A33B-418C-A11F-EA594DC7CD61}.Release|Any CPU.ActiveCfg = Release|Any CPU
		{8D4C2A18-A33B-418C-A11F-EA594DC7CD61}.Release|Any CPU.Build.0 = Release|Any CPU
		{19CBCD8B-D37E-482E-83D0-311E13395C53}.Debug|Any CPU.ActiveCfg = Debug|Any CPU
		{19CBCD8B-D37E-482E-83D0-311E13395C53}.Debug|Any CPU.Build.0 = Debug|Any CPU
		{19CBCD8B-D37E-482E-83D0-311E13395C53}.Release|Any CPU.ActiveCfg = Release|Any CPU
		{19CBCD8B-D37E-482E-83D0-311E13395C53}.Release|Any CPU.Build.0 = Release|Any CPU
	EndGlobalSection
	GlobalSection(SolutionProperties) = preSolution
		HideSolutionNode = FALSE
	EndGlobalSection
	GlobalSection(ExtensibilityGlobals) = postSolution
		SolutionGuid = {D4CAA1A6-3637-4135-ADF7-9C9CC6837AC2}
	EndGlobalSection
EndGlobal
